
Microsoft Visual Studio Solution File, Format Version 12.00
# Visual Studio 15
VisualStudioVersion = 15.0.27130.2027
MinimumVisualStudioVersion = 10.0.40219.1
Project("{FAE04EC0-301F-11D3-BF4B-00C04F79EFBC}") = "Dz_5", "Dz_5\Dz_5.csproj", "{A5055F3D-35D7-48F5-AC12-27143D5818EB}"
	ProjectSection(ProjectDependencies) = postProject
		{A8C21877-D6A5-4D80-8254-C78533AB0809} = {A8C21877-D6A5-4D80-8254-C78533AB0809}
	EndProjectSection
EndProject
Project("{FAE04EC0-301F-11D3-BF4B-00C04F79EFBC}") = "WcfService", "WcfService\WcfService.csproj", "{A8C21877-D6A5-4D80-8254-C78533AB0809}"
EndProject
Global
	GlobalSection(SolutionConfigurationPlatforms) = preSolution
		Debug|Any CPU = Debug|Any CPU
		Release|Any CPU = Release|Any CPU
	EndGlobalSection
	GlobalSection(ProjectConfigurationPlatforms) = postSolution
		{A5055F3D-35D7-48F5-AC12-27143D5818EB}.Debug|Any CPU.ActiveCfg = Debug|Any CPU
		{A5055F3D-35D7-48F5-AC12-27143D5818EB}.Debug|Any CPU.Build.0 = Debug|Any CPU
		{A5055F3D-35D7-48F5-AC12-27143D5818EB}.Release|Any CPU.ActiveCfg = Release|Any CPU
		{A5055F3D-35D7-48F5-AC12-27143D5818EB}.Release|Any CPU.Build.0 = Release|Any CPU
		{A8C21877-D6A5-4D80-8254-C78533AB0809}.Debug|Any CPU.ActiveCfg = Debug|Any CPU
		{A8C21877-D6A5-4D80-8254-C78533AB0809}.Debug|Any CPU.Build.0 = Debug|Any CPU
		{A8C21877-D6A5-4D80-8254-C78533AB0809}.Release|Any CPU.ActiveCfg = Release|Any CPU
		{A8C21877-D6A5-4D80-8254-C78533AB0809}.Release|Any CPU.Build.0 = Release|Any CPU
	EndGlobalSection
	GlobalSection(SolutionProperties) = preSolution
		HideSolutionNode = FALSE
	EndGlobalSection
	GlobalSection(ExtensibilityGlobals) = postSolution
		SolutionGuid = {8C1D49B1-E2D7-47A9-85FD-A5A9525D2D90}
	EndGlobalSection
EndGlobal
